// !$*UTF8*$!
{
	archiveVersion = 1;
	classes = {
	};
	objectVersion = 48;
	objects = {

/* Begin PBXBuildFile section */
		521ADFE91FC725890037F63C /* AppDelegate.swift in Sources */ = {isa = PBXBuildFile; fileRef = 521ADFE81FC725890037F63C /* AppDelegate.swift */; };
		521ADFEB1FC725890037F63C /* ViewController.swift in Sources */ = {isa = PBXBuildFile; fileRef = 521ADFEA1FC725890037F63C /* ViewController.swift */; };
		521ADFEE1FC725890037F63C /* Main.storyboard in Resources */ = {isa = PBXBuildFile; fileRef = 521ADFEC1FC725890037F63C /* Main.storyboard */; };
		521ADFF01FC725890037F63C /* Assets.xcassets in Resources */ = {isa = PBXBuildFile; fileRef = 521ADFEF1FC725890037F63C /* Assets.xcassets */; };
		521ADFF31FC725890037F63C /* LaunchScreen.storyboard in Resources */ = {isa = PBXBuildFile; fileRef = 521ADFF11FC725890037F63C /* LaunchScreen.storyboard */; };
		521AE0091FC725DB0037F63C /* GreatCircleTests.swift in Sources */ = {isa = PBXBuildFile; fileRef = 521AE0081FC725DB0037F63C /* GreatCircleTests.swift */; };
		521AE00B1FC725EC0037F63C /* GreatCircle.swift in Sources */ = {isa = PBXBuildFile; fileRef = 521AE00A1FC725EC0037F63C /* GreatCircle.swift */; };
		521AE00D1FC726300037F63C /* Extensions.swift in Sources */ = {isa = PBXBuildFile; fileRef = 521AE00C1FC726300037F63C /* Extensions.swift */; };
/* End PBXBuildFile section */

/* Begin PBXContainerItemProxy section */
		521ADFFA1FC725890037F63C /* PBXContainerItemProxy */ = {
			isa = PBXContainerItemProxy;
			containerPortal = 521ADFDD1FC725880037F63C /* Project object */;
			proxyType = 1;
			remoteGlobalIDString = 521ADFE41FC725890037F63C;
			remoteInfo = GreatCircle;
		};
/* End PBXContainerItemProxy section */

/* Begin PBXFileReference section */
		521ADFE51FC725890037F63C /* GreatCircle.app */ = {isa = PBXFileReference; explicitFileType = wrapper.application; includeInIndex = 0; path = GreatCircle.app; sourceTree = BUILT_PRODUCTS_DIR; };
		521ADFE81FC725890037F63C /* AppDelegate.swift */ = {isa = PBXFileReference; lastKnownFileType = sourcecode.swift; path = AppDelegate.swift; sourceTree = "<group>"; };
		521ADFEA1FC725890037F63C /* ViewController.swift */ = {isa = PBXFileReference; lastKnownFileType = sourcecode.swift; path = ViewController.swift; sourceTree = "<group>"; };
		521ADFED1FC725890037F63C /* Base */ = {isa = PBXFileReference; lastKnownFileType = file.storyboard; name = Base; path = Base.lproj/Main.storyboard; sourceTree = "<group>"; };
		521ADFEF1FC725890037F63C /* Assets.xcassets */ = {isa = PBXFileReference; lastKnownFileType = folder.assetcatalog; path = Assets.xcassets; sourceTree = "<group>"; };
		521ADFF21FC725890037F63C /* Base */ = {isa = PBXFileReference; lastKnownFileType = file.storyboard; name = Base; path = Base.lproj/LaunchScreen.storyboard; sourceTree = "<group>"; };
		521ADFF41FC725890037F63C /* Info.plist */ = {isa = PBXFileReference; lastKnownFileType = text.plist.xml; path = Info.plist; sourceTree = "<group>"; };
		521ADFF91FC725890037F63C /* GreatCircleTests.xctest */ = {isa = PBXFileReference; explicitFileType = wrapper.cfbundle; includeInIndex = 0; path = GreatCircleTests.xctest; sourceTree = BUILT_PRODUCTS_DIR; };
		521ADFFF1FC725890037F63C /* Info.plist */ = {isa = PBXFileReference; lastKnownFileType = text.plist.xml; path = Info.plist; sourceTree = "<group>"; };
		521AE0081FC725DB0037F63C /* GreatCircleTests.swift */ = {isa = PBXFileReference; fileEncoding = 4; lastKnownFileType = sourcecode.swift; name = GreatCircleTests.swift; path = ../../../../../Desktop/GreatCircleTests.swift; sourceTree = "<group>"; };
		521AE00A1FC725EC0037F63C /* GreatCircle.swift */ = {isa = PBXFileReference; fileEncoding = 4; lastKnownFileType = sourcecode.swift; path = GreatCircle.swift; sourceTree = "<group>"; };
		521AE00C1FC726300037F63C /* Extensions.swift */ = {isa = PBXFileReference; lastKnownFileType = sourcecode.swift; path = Extensions.swift; sourceTree = "<group>"; };
/* End PBXFileReference section */

/* Begin PBXFrameworksBuildPhase section */
		521ADFE21FC725890037F63C /* Frameworks */ = {
			isa = PBXFrameworksBuildPhase;
			buildActionMask = 2147483647;
			files = (
			);
			runOnlyForDeploymentPostprocessing = 0;
		};
		521ADFF61FC725890037F63C /* Frameworks */ = {
			isa = PBXFrameworksBuildPhase;
			buildActionMask = 2147483647;
			files = (
			);
			runOnlyForDeploymentPostprocessing = 0;
		};
/* End PBXFrameworksBuildPhase section */

/* Begin PBXGroup section */
		521ADFDC1FC725880037F63C = {
			isa = PBXGroup;
			children = (
				521ADFE71FC725890037F63C /* GreatCircle */,
				521ADFFC1FC725890037F63C /* GreatCircleTests */,
				521ADFE61FC725890037F63C /* Products */,
			);
			sourceTree = "<group>";
		};
		521ADFE61FC725890037F63C /* Products */ = {
			isa = PBXGroup;
			children = (
				521ADFE51FC725890037F63C /* GreatCircle.app */,
				521ADFF91FC725890037F63C /* GreatCircleTests.xctest */,
			);
			name = Products;
			sourceTree = "<group>";
		};
		521ADFE71FC725890037F63C /* GreatCircle */ = {
			isa = PBXGroup;
			children = (
				521AE00A1FC725EC0037F63C /* GreatCircle.swift */,
				521ADFE81FC725890037F63C /* AppDelegate.swift */,
				521ADFEA1FC725890037F63C /* ViewController.swift */,
				521AE00C1FC726300037F63C /* Extensions.swift */,
				521ADFEC1FC725890037F63C /* Main.storyboard */,
				521ADFEF1FC725890037F63C /* Assets.xcassets */,
				521ADFF11FC725890037F63C /* LaunchScreen.storyboard */,
				521ADFF41FC725890037F63C /* Info.plist */,
			);
			path = GreatCircle;
			sourceTree = "<group>";
		};
		521ADFFC1FC725890037F63C /* GreatCircleTests */ = {
			isa = PBXGroup;
			children = (
				521AE0081FC725DB0037F63C /* GreatCircleTests.swift */,
				521ADFFF1FC725890037F63C /* Info.plist */,
			);
			path = GreatCircleTests;
			sourceTree = "<group>";
		};
/* End PBXGroup section */

/* Begin PBXNativeTarget section */
		521ADFE41FC725890037F63C /* GreatCircle */ = {
			isa = PBXNativeTarget;
			buildConfigurationList = 521AE0021FC725890037F63C /* Build configuration list for PBXNativeTarget "GreatCircle" */;
			buildPhases = (
				521ADFE11FC725890037F63C /* Sources */,
				521ADFE21FC725890037F63C /* Frameworks */,
				521ADFE31FC725890037F63C /* Resources */,
			);
			buildRules = (
			);
			dependencies = (
			);
			name = GreatCircle;
			productName = GreatCircle;
			productReference = 521ADFE51FC725890037F63C /* GreatCircle.app */;
			productType = "com.apple.product-type.application";
		};
		521ADFF81FC725890037F63C /* GreatCircleTests */ = {
			isa = PBXNativeTarget;
			buildConfigurationList = 521AE0051FC725890037F63C /* Build configuration list for PBXNativeTarget "GreatCircleTests" */;
			buildPhases = (
				521ADFF51FC725890037F63C /* Sources */,
				521ADFF61FC725890037F63C /* Frameworks */,
				521ADFF71FC725890037F63C /* Resources */,
			);
			buildRules = (
			);
			dependencies = (
				521ADFFB1FC725890037F63C /* PBXTargetDependency */,
			);
			name = GreatCircleTests;
			productName = GreatCircleTests;
			productReference = 521ADFF91FC725890037F63C /* GreatCircleTests.xctest */;
			productType = "com.apple.product-type.bundle.unit-test";
		};
/* End PBXNativeTarget section */

/* Begin PBXProject section */
		521ADFDD1FC725880037F63C /* Project object */ = {
			isa = PBXProject;
			attributes = {
				LastSwiftUpdateCheck = 0910;
				LastUpgradeCheck = 0910;
				ORGANIZATIONNAME = "Mikael Hellqvist";
				TargetAttributes = {
					521ADFE41FC725890037F63C = {
						CreatedOnToolsVersion = 9.1;
						ProvisioningStyle = Automatic;
					};
					521ADFF81FC725890037F63C = {
						CreatedOnToolsVersion = 9.1;
						ProvisioningStyle = Automatic;
						TestTargetID = 521ADFE41FC725890037F63C;
					};
				};
			};
			buildConfigurationList = 521ADFE01FC725880037F63C /* Build configuration list for PBXProject "GreatCircle" */;
			compatibilityVersion = "Xcode 8.0";
			developmentRegion = en;
			hasScannedForEncodings = 0;
			knownRegions = (
				en,
				Base,
			);
			mainGroup = 521ADFDC1FC725880037F63C;
			productRefGroup = 521ADFE61FC725890037F63C /* Products */;
			projectDirPath = "";
			projectRoot = "";
			targets = (
				521ADFE41FC725890037F63C /* GreatCircle */,
				521ADFF81FC725890037F63C /* GreatCircleTests */,
			);
		};
/* End PBXProject section */

/* Begin PBXResourcesBuildPhase section */
		521ADFE31FC725890037F63C /* Resources */ = {
			isa = PBXResourcesBuildPhase;
			buildActionMask = 2147483647;
			files = (
				521ADFF31FC725890037F63C /* LaunchScreen.storyboard in Resources */,
				521ADFF01FC725890037F63C /* Assets.xcassets in Resources */,
				521ADFEE1FC725890037F63C /* Main.storyboard in Resources */,
			);
			runOnlyForDeploymentPostprocessing = 0;
		};
		521ADFF71FC725890037F63C /* Resources */ = {
			isa = PBXResourcesBuildPhase;
			buildActionMask = 2147483647;
			files = (
			);
			runOnlyForDeploymentPostprocessing = 0;
		};
/* End PBXResourcesBuildPhase section */

/* Begin PBXSourcesBuildPhase section */
		521ADFE11FC725890037F63C /* Sources */ = {
			isa = PBXSourcesBuildPhase;
			buildActionMask = 2147483647;
			files = (
				521ADFEB1FC725890037F63C /* ViewController.swift in Sources */,
				521AE00B1FC725EC0037F63C /* GreatCircle.swift in Sources */,
				521ADFE91FC725890037F63C /* AppDelegate.swift in Sources */,
				521AE00D1FC726300037F63C /* Extensions.swift in Sources */,
			);
			runOnlyForDeploymentPostprocessing = 0;
		};
		521ADFF51FC725890037F63C /* Sources */ = {
			isa = PBXSourcesBuildPhase;
			buildActionMask = 2147483647;
			files = (
				521AE0091FC725DB0037F63C /* GreatCircleTests.swift in Sources */,
			);
			runOnlyForDeploymentPostprocessing = 0;
		};
/* End PBXSourcesBuildPhase section */

/* Begin PBXTargetDependency section */
		521ADFFB1FC725890037F63C /* PBXTargetDependency */ = {
			isa = PBXTargetDependency;
			target = 521ADFE41FC725890037F63C /* GreatCircle */;
			targetProxy = 521ADFFA1FC725890037F63C /* PBXContainerItemProxy */;
		};
/* End PBXTargetDependency section */

/* Begin PBXVariantGroup section */
		521ADFEC1FC725890037F63C /* Main.storyboard */ = {
			isa = PBXVariantGroup;
			children = (
				521ADFED1FC725890037F63C /* Base */,
			);
			name = Main.storyboard;
			sourceTree = "<group>";
		};
		521ADFF11FC725890037F63C /* LaunchScreen.storyboard */ = {
			isa = PBXVariantGroup;
			children = (
				521ADFF21FC725890037F63C /* Base */,
			);
			name = LaunchScreen.storyboard;
			sourceTree = "<group>";
		};
/* End PBXVariantGroup section */

/* Begin XCBuildConfiguration section */
		521AE0001FC725890037F63C /* Debug */ = {
			isa = XCBuildConfiguration;
			buildSettings = {
				ALWAYS_SEARCH_USER_PATHS = NO;
				CLANG_ANALYZER_NONNULL = YES;
				CLANG_ANALYZER_NUMBER_OBJECT_CONVERSION = YES_AGGRESSIVE;
				CLANG_CXX_LANGUAGE_STANDARD = "gnu++14";
				CLANG_CXX_LIBRARY = "libc++";
				CLANG_ENABLE_MODULES = YES;
				CLANG_ENABLE_OBJC_ARC = YES;
				CLANG_WARN_BLOCK_CAPTURE_AUTORELEASING = YES;
				CLANG_WARN_BOOL_CONVERSION = YES;
				CLANG_WARN_COMMA = YES;
				CLANG_WARN_CONSTANT_CONVERSION = YES;
				CLANG_WARN_DIRECT_OBJC_ISA_USAGE = YES_ERROR;
				CLANG_WARN_DOCUMENTATION_COMMENTS = YES;
				CLANG_WARN_EMPTY_BODY = YES;
				CLANG_WARN_ENUM_CONVERSION = YES;
				CLANG_WARN_INFINITE_RECURSION = YES;
				CLANG_WARN_INT_CONVERSION = YES;
				CLANG_WARN_NON_LITERAL_NULL_CONVERSION = YES;
				CLANG_WARN_OBJC_LITERAL_CONVERSION = YES;
				CLANG_WARN_OBJC_ROOT_CLASS = YES_ERROR;
				CLANG_WARN_RANGE_LOOP_ANALYSIS = YES;
				CLANG_WARN_STRICT_PROTOTYPES = YES;
				CLANG_WARN_SUSPICIOUS_MOVE = YES;
				CLANG_WARN_UNGUARDED_AVAILABILITY = YES_AGGRESSIVE;
				CLANG_WARN_UNREACHABLE_CODE = YES;
				CLANG_WARN__DUPLICATE_METHOD_MATCH = YES;
				CODE_SIGN_IDENTITY = "iPhone Developer";
				COPY_PHASE_STRIP = NO;
				DEBUG_INFORMATION_FORMAT = dwarf;
				ENABLE_STRICT_OBJC_MSGSEND = YES;
				ENABLE_TESTABILITY = YES;
				GCC_C_LANGUAGE_STANDARD = gnu11;
				GCC_DYNAMIC_NO_PIC = NO;
				GCC_NO_COMMON_BLOCKS = YES;
				GCC_OPTIMIZATION_LEVEL = 0;
				GCC_PREPROCESSOR_DEFINITIONS = (
					"DEBUG=1",
					"$(inherited)",
				);
				GCC_WARN_64_TO_32_BIT_CONVERSION = YES;
				GCC_WARN_ABOUT_RETURN_TYPE = YES_ERROR;
				GCC_WARN_UNDECLARED_SELECTOR = YES;
				GCC_WARN_UNINITIALIZED_AUTOS = YES_AGGRESSIVE;
				GCC_WARN_UNUSED_FUNCTION = YES;
				GCC_WARN_UNUSED_VARIABLE = YES;
				IPHONEOS_DEPLOYMENT_TARGET = 11.1;
				MTL_ENABLE_DEBUG_INFO = YES;
				ONLY_ACTIVE_ARCH = YES;
				SDKROOT = iphoneos;
				SWIFT_ACTIVE_COMPILATION_CONDITIONS = DEBUG;
				SWIFT_OPTIMIZATION_LEVEL = "-Onone";
			};
			name = Debug;
		};
		521AE0011FC725890037F63C /* Release */ = {
			isa = XCBuildConfiguration;
			buildSettings = {
				ALWAYS_SEARCH_USER_PATHS = NO;
				CLANG_ANALYZER_NONNULL = YES;
				CLANG_ANALYZER_NUMBER_OBJECT_CONVERSION = YES_AGGRESSIVE;
				CLANG_CXX_LANGUAGE_STANDARD = "gnu++14";
				CLANG_CXX_LIBRARY = "libc++";
				CLANG_ENABLE_MODULES = YES;
				CLANG_ENABLE_OBJC_ARC = YES;
				CLANG_WARN_BLOCK_CAPTURE_AUTORELEASING = YES;
				CLANG_WARN_BOOL_CONVERSION = YES;
				CLANG_WARN_COMMA = YES;
				CLANG_WARN_CONSTANT_CONVERSION = YES;
				CLANG_WARN_DIRECT_OBJC_ISA_USAGE = YES_ERROR;
				CLANG_WARN_DOCUMENTATION_COMMENTS = YES;
				CLANG_WARN_EMPTY_BODY = YES;
				CLANG_WARN_ENUM_CONVERSION = YES;
				CLANG_WARN_INFINITE_RECURSION = YES;
				CLANG_WARN_INT_CONVERSION = YES;
				CLANG_WARN_NON_LITERAL_NULL_CONVERSION = YES;
				CLANG_WARN_OBJC_LITERAL_CONVERSION = YES;
				CLANG_WARN_OBJC_ROOT_CLASS = YES_ERROR;
				CLANG_WARN_RANGE_LOOP_ANALYSIS = YES;
				CLANG_WARN_STRICT_PROTOTYPES = YES;
				CLANG_WARN_SUSPICIOUS_MOVE = YES;
				CLANG_WARN_UNGUARDED_AVAILABILITY = YES_AGGRESSIVE;
				CLANG_WARN_UNREACHABLE_CODE = YES;
				CLANG_WARN__DUPLICATE_METHOD_MATCH = YES;
				CODE_SIGN_IDENTITY = "iPhone Developer";
				COPY_PHASE_STRIP = NO;
				DEBUG_INFORMATION_FORMAT = "dwarf-with-dsym";
				ENABLE_NS_ASSERTIONS = NO;
				ENABLE_STRICT_OBJC_MSGSEND = YES;
				GCC_C_LANGUAGE_STANDARD = gnu11;
				GCC_NO_COMMON_BLOCKS = YES;
				GCC_WARN_64_TO_32_BIT_CONVERSION = YES;
				GCC_WARN_ABOUT_RETURN_TYPE = YES_ERROR;
				GCC_WARN_UNDECLARED_SELECTOR = YES;
				GCC_WARN_UNINITIALIZED_AUTOS = YES_AGGRESSIVE;
				GCC_WARN_UNUSED_FUNCTION = YES;
				GCC_WARN_UNUSED_VARIABLE = YES;
				IPHONEOS_DEPLOYMENT_TARGET = 11.1;
				MTL_ENABLE_DEBUG_INFO = NO;
				SDKROOT = iphoneos;
				SWIFT_OPTIMIZATION_LEVEL = "-Owholemodule";
				VALIDATE_PRODUCT = YES;
			};
			name = Release;
		};
		521AE0031FC725890037F63C /* Debug */ = {
			isa = XCBuildConfiguration;
			buildSettings = {
				ASSETCATALOG_COMPILER_APPICON_NAME = AppIcon;
				CODE_SIGN_STYLE = Automatic;
				DEVELOPMENT_TEAM = EY6UWFBB38;
				INFOPLIST_FILE = GreatCircle/Info.plist;
				LD_RUNPATH_SEARCH_PATHS = "$(inherited) @executable_path/Frameworks";
				PRODUCT_BUNDLE_IDENTIFIER = se.futurememories.GreatCircle;
				PRODUCT_NAME = "$(TARGET_NAME)";
				SWIFT_VERSION = 4.0;
				TARGETED_DEVICE_FAMILY = "1,2";
			};
			name = Debug;
		};
		521AE0041FC725890037F63C /* Release */ = {
			isa = XCBuildConfiguration;
			buildSettings = {
				ASSETCATALOG_COMPILER_APPICON_NAME = AppIcon;
				CODE_SIGN_STYLE = Automatic;
				DEVELOPMENT_TEAM = EY6UWFBB38;
				INFOPLIST_FILE = GreatCircle/Info.plist;
				LD_RUNPATH_SEARCH_PATHS = "$(inherited) @executable_path/Frameworks";
				PRODUCT_BUNDLE_IDENTIFIER = se.futurememories.GreatCircle;
				PRODUCT_NAME = "$(TARGET_NAME)";
				SWIFT_VERSION = 4.0;
				TARGETED_DEVICE_FAMILY = "1,2";
			};
			name = Release;
		};
		521AE0061FC725890037F63C /* Debug */ = {
			isa = XCBuildConfiguration;
			buildSettings = {
				ALWAYS_EMBED_SWIFT_STANDARD_LIBRARIES = YES;
				BUNDLE_LOADER = "$(TEST_HOST)";
				CODE_SIGN_STYLE = Automatic;
				DEVELOPMENT_TEAM = EY6UWFBB38;
				INFOPLIST_FILE = GreatCircleTests/Info.plist;
				LD_RUNPATH_SEARCH_PATHS = "$(inherited) @executable_path/Frameworks @loader_path/Frameworks";
				PRODUCT_BUNDLE_IDENTIFIER = se.futurememories.GreatCircleTests;
				PRODUCT_NAME = "$(TARGET_NAME)";
				SWIFT_VERSION = 4.0;
				TARGETED_DEVICE_FAMILY = "1,2";
				TEST_HOST = "$(BUILT_PRODUCTS_DIR)/GreatCircle.app/GreatCircle";
			};
			name = Debug;
		};
		521AE0071FC725890037F63C /* Release */ = {
			isa = XCBuildConfiguration;
			buildSettings = {
				ALWAYS_EMBED_SWIFT_STANDARD_LIBRARIES = YES;
				BUNDLE_LOADER = "$(TEST_HOST)";
				CODE_SIGN_STYLE = Automatic;
				DEVELOPMENT_TEAM = EY6UWFBB38;
				INFOPLIST_FILE = GreatCircleTests/Info.plist;
				LD_RUNPATH_SEARCH_PATHS = "$(inherited) @executable_path/Frameworks @loader_path/Frameworks";
				PRODUCT_BUNDLE_IDENTIFIER = se.futurememories.GreatCircleTests;
				PRODUCT_NAME = "$(TARGET_NAME)";
				SWIFT_VERSION = 4.0;
				TARGETED_DEVICE_FAMILY = "1,2";
				TEST_HOST = "$(BUILT_PRODUCTS_DIR)/GreatCircle.app/GreatCircle";
			};
			name = Release;
		};
/* End XCBuildConfiguration section */

/* Begin XCConfigurationList section */
		521ADFE01FC725880037F63C /* Build configuration list for PBXProject "GreatCircle" */ = {
			isa = XCConfigurationList;
			buildConfigurations = (
				521AE0001FC725890037F63C /* Debug */,
				521AE0011FC725890037F63C /* Release */,
			);
			defaultConfigurationIsVisible = 0;
			defaultConfigurationName = Release;
		};
		521AE0021FC725890037F63C /* Build configuration list for PBXNativeTarget "GreatCircle" */ = {
			isa = XCConfigurationList;
			buildConfigurations = (
				521AE0031FC725890037F63C /* Debug */,
				521AE0041FC725890037F63C /* Release */,
			);
			defaultConfigurationIsVisible = 0;
			defaultConfigurationName = Release;
		};
		521AE0051FC725890037F63C /* Build configuration list for PBXNativeTarget "GreatCircleTests" */ = {
			isa = XCConfigurationList;
			buildConfigurations = (
				521AE0061FC725890037F63C /* Debug */,
				521AE0071FC725890037F63C /* Release */,
			);
			defaultConfigurationIsVisible = 0;
			defaultConfigurationName = Release;
		};
/* End XCConfigurationList section */
	};
	rootObject = 521ADFDD1FC725880037F63C /* Project object */;
}
